
Microsoft Visual Studio Solution File, Format Version 12.00
# Visual Studio Version 17
VisualStudioVersion = 17.2.32516.85
MinimumVisualStudioVersion = 10.0.40219.1
Project("{9A19103F-16F7-4668-BE54-9A1E7A4F7556}") = "RuneTranslator", "RuneTranslator\RuneTranslator.csproj", "{C6A2CCCD-9306-4581-9426-0C52EA9D977A}"
EndProject
Project("{9A19103F-16F7-4668-BE54-9A1E7A4F7556}") = "RunelatorGui", "RunelatorGui\RunelatorGui.csproj", "{C3B0931F-9B42-4D28-91EB-33EF2C642A73}"
EndProject
Project("{9A19103F-16F7-4668-BE54-9A1E7A4F7556}") = "UnitTests", "TranslatorTests\UnitTests.csproj", "{66B93B75-C323-4E57-991F-33F248E67EE5}"
EndProject
Global
	GlobalSection(SolutionConfigurationPlatforms) = preSolution
		Debug|Any CPU = Debug|Any CPU
		Release|Any CPU = Release|Any CPU
	EndGlobalSection
	GlobalSection(ProjectConfigurationPlatforms) = postSolution
		{C6A2CCCD-9306-4581-9426-0C52EA9D977A}.Debug|Any CPU.ActiveCfg = Debug|Any CPU
		{C6A2CCCD-9306-4581-9426-0C52EA9D977A}.Debug|Any CPU.Build.0 = Debug|Any CPU
		{C6A2CCCD-9306-4581-9426-0C52EA9D977A}.Release|Any CPU.ActiveCfg = Release|Any CPU
		{C6A2CCCD-9306-4581-9426-0C52EA9D977A}.Release|Any CPU.Build.0 = Release|Any CPU
		{C3B0931F-9B42-4D28-91EB-33EF2C642A73}.Debug|Any CPU.ActiveCfg = Debug|Any CPU
		{C3B0931F-9B42-4D28-91EB-33EF2C642A73}.Debug|Any CPU.Build.0 = Debug|Any CPU
		{C3B0931F-9B42-4D28-91EB-33EF2C642A73}.Release|Any CPU.ActiveCfg = Release|Any CPU
		{C3B0931F-9B42-4D28-91EB-33EF2C642A73}.Release|Any CPU.Build.0 = Release|Any CPU
		{66B93B75-C323-4E57-991F-33F248E67EE5}.Debug|Any CPU.ActiveCfg = Debug|Any CPU
		{66B93B75-C323-4E57-991F-33F248E67EE5}.Debug|Any CPU.Build.0 = Debug|Any CPU
		{66B93B75-C323-4E57-991F-33F248E67EE5}.Release|Any CPU.ActiveCfg = Release|Any CPU
		{66B93B75-C323-4E57-991F-33F248E67EE5}.Release|Any CPU.Build.0 = Release|Any CPU
	EndGlobalSection
	GlobalSection(SolutionProperties) = preSolution
		HideSolutionNode = FALSE
	EndGlobalSection
	GlobalSection(ExtensibilityGlobals) = postSolution
		SolutionGuid = {24E532D9-A748-434F-954A-7851F488A338}
	EndGlobalSection
EndGlobal
